
Microsoft Visual Studio Solution File, Format Version 12.00
# Visual Studio 2012
Project("{FAE04EC0-301F-11D3-BF4B-00C04F79EFBC}") = "encog-core-cs", "encog-core-cs\encog-core-cs.csproj", "{AC6FADF9-0904-4EBD-B22C-1C787C7E7A95}"
EndProject
Project("{FAE04EC0-301F-11D3-BF4B-00C04F79EFBC}") = "emds.common", "emds.common\emds.common.csproj", "{75621124-1CBD-49C6-9A85-898A8DBF05FC}"
EndProject
Project("{FAE04EC0-301F-11D3-BF4B-00C04F79EFBC}") = "emds.utility", "emds.test\emds.utility.csproj", "{D1D8BA46-0779-4757-9FEB-DAB72BCB5F82}"
EndProject
Project("{FAE04EC0-301F-11D3-BF4B-00C04F79EFBC}") = "emds.NsimMediator", "NsimMediator\emds.NsimMediator.csproj", "{A2F106E7-8103-40BE-B15C-0B29E9BCE3BD}"
EndProject
Project("{FAE04EC0-301F-11D3-BF4B-00C04F79EFBC}") = "Nsim4", "Nsim4\Nsim4.csproj", "{C1002ADD-334B-43C9-9DF6-3AE09ADCBA6A}"
EndProject
Project("{2150E333-8FDC-42A3-9474-1A3956D46DE8}") = "lib", "lib", "{98484F99-5BC7-49C3-A761-35A02D3B7EB9}"
	ProjectSection(SolutionItems) = preProject
		lib\MDS.Common.dll = lib\MDS.Common.dll
		lib\MDS.Common.pdb = lib\MDS.Common.pdb
		lib\MDS.FillForm.DomainModel.dll = lib\MDS.FillForm.DomainModel.dll
		lib\MDS.FillForm.DomainModel.pdb = lib\MDS.FillForm.DomainModel.pdb
		lib\Nsim4.exe = lib\Nsim4.exe
	EndProjectSection
EndProject
Project("{2150E333-8FDC-42A3-9474-1A3956D46DE8}") = "NeuralNetworks", "NeuralNetworks", "{14C6FF4A-9D14-48BF-864F-65661BD03DDB}"
EndProject
Project("{2150E333-8FDC-42A3-9474-1A3956D46DE8}") = "Cardiology", "Cardiology", "{EF163E9A-2F0F-427A-B577-F608E798F703}"
	ProjectSection(SolutionItems) = preProject
		NeuralNetworks\Cardiology\аритмии_и_блокады_сердца.np4 = NeuralNetworks\Cardiology\аритмии_и_блокады_сердца.np4
		NeuralNetworks\Cardiology\аритмии_и_блокады_сердца.xml = NeuralNetworks\Cardiology\аритмии_и_блокады_сердца.xml
		NeuralNetworks\Cardiology\гипертоническая_болезнь.np4 = NeuralNetworks\Cardiology\гипертоническая_болезнь.np4
		NeuralNetworks\Cardiology\гипертоническая_болезнь.xml = NeuralNetworks\Cardiology\гипертоническая_болезнь.xml
		NeuralNetworks\Cardiology\ибс.np4 = NeuralNetworks\Cardiology\ибс.np4
		NeuralNetworks\Cardiology\ибс.xml = NeuralNetworks\Cardiology\ибс.xml
		NeuralNetworks\Cardiology\инфаркт_миокарда.np4 = NeuralNetworks\Cardiology\инфаркт_миокарда.np4
		NeuralNetworks\Cardiology\инфаркт_миокарда.xml = NeuralNetworks\Cardiology\инфаркт_миокарда.xml
		NeuralNetworks\Cardiology\хсн.np4 = NeuralNetworks\Cardiology\хсн.np4
		NeuralNetworks\Cardiology\хсн.xml = NeuralNetworks\Cardiology\хсн.xml
	EndProjectSection
EndProject
Project("{2150E333-8FDC-42A3-9474-1A3956D46DE8}") = "Отдаленное село", "Отдаленное село", "{D51BB73B-0E8D-488B-9E84-DC31814BE11B}"
	ProjectSection(SolutionItems) = preProject
		NeuralNetworks\Cardiology\Отдаленное село\аритмии_и_блокады_сердца.np4 = NeuralNetworks\Cardiology\Отдаленное село\аритмии_и_блокады_сердца.np4
		NeuralNetworks\Cardiology\Отдаленное село\аритмии_и_блокады_сердца.xml = NeuralNetworks\Cardiology\Отдаленное село\аритмии_и_блокады_сердца.xml
		NeuralNetworks\Cardiology\Отдаленное село\гипертоническая_болезнь.np4 = NeuralNetworks\Cardiology\Отдаленное село\гипертоническая_болезнь.np4
		NeuralNetworks\Cardiology\Отдаленное село\гипертоническая_болезнь.xml = NeuralNetworks\Cardiology\Отдаленное село\гипертоническая_болезнь.xml
		NeuralNetworks\Cardiology\Отдаленное село\ибс.np4 = NeuralNetworks\Cardiology\Отдаленное село\ибс.np4
		NeuralNetworks\Cardiology\Отдаленное село\ибс.xml = NeuralNetworks\Cardiology\Отдаленное село\ибс.xml
		NeuralNetworks\Cardiology\Отдаленное село\инфаркт_миокарда.np4 = NeuralNetworks\Cardiology\Отдаленное село\инфаркт_миокарда.np4
		NeuralNetworks\Cardiology\Отдаленное село\инфаркт_миокарда.xml = NeuralNetworks\Cardiology\Отдаленное село\инфаркт_миокарда.xml
		NeuralNetworks\Cardiology\Отдаленное село\хсн.np4 = NeuralNetworks\Cardiology\Отдаленное село\хсн.np4
		NeuralNetworks\Cardiology\Отдаленное село\хсн.xml = NeuralNetworks\Cardiology\Отдаленное село\хсн.xml
	EndProjectSection
EndProject
Project("{2150E333-8FDC-42A3-9474-1A3956D46DE8}") = "Endocrinology", "Endocrinology", "{6F99E752-CE2B-48A7-8CEE-11B1BEF2A053}"
	ProjectSection(SolutionItems) = preProject
		NeuralNetworks\Endocrinology\гипергликемия.np4 = NeuralNetworks\Endocrinology\гипергликемия.np4
		NeuralNetworks\Endocrinology\гипергликемия.xml = NeuralNetworks\Endocrinology\гипергликемия.xml
		NeuralNetworks\Endocrinology\гипертиреоз.np4 = NeuralNetworks\Endocrinology\гипертиреоз.np4
		NeuralNetworks\Endocrinology\гипертиреоз.xml = NeuralNetworks\Endocrinology\гипертиреоз.xml
		NeuralNetworks\Endocrinology\гормональный_статус.np4 = NeuralNetworks\Endocrinology\гормональный_статус.np4
		NeuralNetworks\Endocrinology\гормональный_статус.xml = NeuralNetworks\Endocrinology\гормональный_статус.xml
		NeuralNetworks\Endocrinology\диабетическая стопа_микромакроангиопатия.np4 = NeuralNetworks\Endocrinology\диабетическая стопа_микромакроангиопатия.np4
		NeuralNetworks\Endocrinology\диабетическая стопа_микромакроангиопатия.xml = NeuralNetworks\Endocrinology\диабетическая стопа_микромакроангиопатия.xml
		NeuralNetworks\Endocrinology\диабетическая_стопа_полинеиропатия.np4 = NeuralNetworks\Endocrinology\диабетическая_стопа_полинеиропатия.np4
		NeuralNetworks\Endocrinology\диабетическая_стопа_полинеиропатия.xml = NeuralNetworks\Endocrinology\диабетическая_стопа_полинеиропатия.xml
		NeuralNetworks\Endocrinology\зоб.np4 = NeuralNetworks\Endocrinology\зоб.np4
		NeuralNetworks\Endocrinology\зоб.xml = NeuralNetworks\Endocrinology\зоб.xml
		NeuralNetworks\Endocrinology\сахарный_диабет_1тип.np4 = NeuralNetworks\Endocrinology\сахарный_диабет_1тип.np4
		NeuralNetworks\Endocrinology\сахарный_диабет_1тип.xml = NeuralNetworks\Endocrinology\сахарный_диабет_1тип.xml
		NeuralNetworks\Endocrinology\сахарный_диабет_2тип.np4 = NeuralNetworks\Endocrinology\сахарный_диабет_2тип.np4
		NeuralNetworks\Endocrinology\сахарный_диабет_2тип.xml = NeuralNetworks\Endocrinology\сахарный_диабет_2тип.xml
	EndProjectSection
EndProject
Project("{2150E333-8FDC-42A3-9474-1A3956D46DE8}") = "Gastroenterology", "Gastroenterology", "{C4A71CF8-A2F9-4F3D-AF90-05DBD1F8E3FE}"
	ProjectSection(SolutionItems) = preProject
		NeuralNetworks\Gastroenterology\гастрит.np4 = NeuralNetworks\Gastroenterology\гастрит.np4
		NeuralNetworks\Gastroenterology\гастрит.xml = NeuralNetworks\Gastroenterology\гастрит.xml
		NeuralNetworks\Gastroenterology\гепатит.np4 = NeuralNetworks\Gastroenterology\гепатит.np4
		NeuralNetworks\Gastroenterology\гепатит.xml = NeuralNetworks\Gastroenterology\гепатит.xml
		NeuralNetworks\Gastroenterology\панкреатит.np4 = NeuralNetworks\Gastroenterology\панкреатит.np4
		NeuralNetworks\Gastroenterology\панкреатит.xml = NeuralNetworks\Gastroenterology\панкреатит.xml
		NeuralNetworks\Gastroenterology\цирроз_печени.np4 = NeuralNetworks\Gastroenterology\цирроз_печени.np4
		NeuralNetworks\Gastroenterology\цирроз_печени.xml = NeuralNetworks\Gastroenterology\цирроз_печени.xml
		NeuralNetworks\Gastroenterology\язвенная_болезнь.np4 = NeuralNetworks\Gastroenterology\язвенная_болезнь.np4
		NeuralNetworks\Gastroenterology\язвенная_болезнь.xml = NeuralNetworks\Gastroenterology\язвенная_болезнь.xml
	EndProjectSection
EndProject
Project("{FAE04EC0-301F-11D3-BF4B-00C04F79EFBC}") = "Nsim4test", "Nsim4test\Nsim4test.csproj", "{19E511A2-AC5A-46FA-A1FD-69EC86301AA9}"
EndProject
Project("{FAE04EC0-301F-11D3-BF4B-00C04F79EFBC}") = "emds.TrainLoggers", "emds.TrainLogger\emds.TrainLoggers.csproj", "{414DB410-1B9E-4A44-A054-3D9CD2753CEA}"
EndProject
Project("{FAE04EC0-301F-11D3-BF4B-00C04F79EFBC}") = "emds.Ontology", "emds.Ontology\emds.Ontology.csproj", "{0D7D3B0E-75B4-447F-9D9A-B21A40DEF7C2}"
EndProject
Project("{FAE04EC0-301F-11D3-BF4B-00C04F79EFBC}") = "emds.ViewTrainLog", "emds.ViewTrainLog\emds.ViewTrainLog.csproj", "{58791B49-8339-45D3-B064-AE03BC9BBCCA}"
EndProject
Global
	GlobalSection(SolutionConfigurationPlatforms) = preSolution
		Debug|Any CPU = Debug|Any CPU
		Debug|Mixed Platforms = Debug|Mixed Platforms
		Debug|x86 = Debug|x86
		Release|Any CPU = Release|Any CPU
		Release|Mixed Platforms = Release|Mixed Platforms
		Release|x86 = Release|x86
	EndGlobalSection
	GlobalSection(ProjectConfigurationPlatforms) = postSolution
		{AC6FADF9-0904-4EBD-B22C-1C787C7E7A95}.Debug|Any CPU.ActiveCfg = Debug|Any CPU
		{AC6FADF9-0904-4EBD-B22C-1C787C7E7A95}.Debug|Any CPU.Build.0 = Debug|Any CPU
		{AC6FADF9-0904-4EBD-B22C-1C787C7E7A95}.Debug|Mixed Platforms.ActiveCfg = Debug|Any CPU
		{AC6FADF9-0904-4EBD-B22C-1C787C7E7A95}.Debug|Mixed Platforms.Build.0 = Debug|Any CPU
		{AC6FADF9-0904-4EBD-B22C-1C787C7E7A95}.Debug|x86.ActiveCfg = Debug|Any CPU
		{AC6FADF9-0904-4EBD-B22C-1C787C7E7A95}.Release|Any CPU.ActiveCfg = Release|Any CPU
		{AC6FADF9-0904-4EBD-B22C-1C787C7E7A95}.Release|Any CPU.Build.0 = Release|Any CPU
		{AC6FADF9-0904-4EBD-B22C-1C787C7E7A95}.Release|Mixed Platforms.ActiveCfg = Release|Any CPU
		{AC6FADF9-0904-4EBD-B22C-1C787C7E7A95}.Release|Mixed Platforms.Build.0 = Release|Any CPU
		{AC6FADF9-0904-4EBD-B22C-1C787C7E7A95}.Release|x86.ActiveCfg = Release|Any CPU
		{75621124-1CBD-49C6-9A85-898A8DBF05FC}.Debug|Any CPU.ActiveCfg = Debug|Any CPU
		{75621124-1CBD-49C6-9A85-898A8DBF05FC}.Debug|Any CPU.Build.0 = Debug|Any CPU
		{75621124-1CBD-49C6-9A85-898A8DBF05FC}.Debug|Mixed Platforms.ActiveCfg = Debug|Any CPU
		{75621124-1CBD-49C6-9A85-898A8DBF05FC}.Debug|Mixed Platforms.Build.0 = Debug|Any CPU
		{75621124-1CBD-49C6-9A85-898A8DBF05FC}.Debug|x86.ActiveCfg = Debug|Any CPU
		{75621124-1CBD-49C6-9A85-898A8DBF05FC}.Release|Any CPU.ActiveCfg = Release|Any CPU
		{75621124-1CBD-49C6-9A85-898A8DBF05FC}.Release|Any CPU.Build.0 = Release|Any CPU
		{75621124-1CBD-49C6-9A85-898A8DBF05FC}.Release|Mixed Platforms.ActiveCfg = Release|Any CPU
		{75621124-1CBD-49C6-9A85-898A8DBF05FC}.Release|Mixed Platforms.Build.0 = Release|Any CPU
		{75621124-1CBD-49C6-9A85-898A8DBF05FC}.Release|x86.ActiveCfg = Release|Any CPU
		{D1D8BA46-0779-4757-9FEB-DAB72BCB5F82}.Debug|Any CPU.ActiveCfg = Debug|Any CPU
		{D1D8BA46-0779-4757-9FEB-DAB72BCB5F82}.Debug|Any CPU.Build.0 = Debug|Any CPU
		{D1D8BA46-0779-4757-9FEB-DAB72BCB5F82}.Debug|Mixed Platforms.ActiveCfg = Debug|Any CPU
		{D1D8BA46-0779-4757-9FEB-DAB72BCB5F82}.Debug|Mixed Platforms.Build.0 = Debug|Any CPU
		{D1D8BA46-0779-4757-9FEB-DAB72BCB5F82}.Debug|x86.ActiveCfg = Debug|Any CPU
		{D1D8BA46-0779-4757-9FEB-DAB72BCB5F82}.Release|Any CPU.ActiveCfg = Release|Any CPU
		{D1D8BA46-0779-4757-9FEB-DAB72BCB5F82}.Release|Any CPU.Build.0 = Release|Any CPU
		{D1D8BA46-0779-4757-9FEB-DAB72BCB5F82}.Release|Mixed Platforms.ActiveCfg = Release|Any CPU
		{D1D8BA46-0779-4757-9FEB-DAB72BCB5F82}.Release|Mixed Platforms.Build.0 = Release|Any CPU
		{D1D8BA46-0779-4757-9FEB-DAB72BCB5F82}.Release|x86.ActiveCfg = Release|Any CPU
		{A2F106E7-8103-40BE-B15C-0B29E9BCE3BD}.Debug|Any CPU.ActiveCfg = Debug|Any CPU
		{A2F106E7-8103-40BE-B15C-0B29E9BCE3BD}.Debug|Any CPU.Build.0 = Debug|Any CPU
		{A2F106E7-8103-40BE-B15C-0B29E9BCE3BD}.Debug|Mixed Platforms.ActiveCfg = Debug|Any CPU
		{A2F106E7-8103-40BE-B15C-0B29E9BCE3BD}.Debug|Mixed Platforms.Build.0 = Debug|Any CPU
		{A2F106E7-8103-40BE-B15C-0B29E9BCE3BD}.Debug|x86.ActiveCfg = Debug|Any CPU
		{A2F106E7-8103-40BE-B15C-0B29E9BCE3BD}.Release|Any CPU.ActiveCfg = Release|Any CPU
		{A2F106E7-8103-40BE-B15C-0B29E9BCE3BD}.Release|Any CPU.Build.0 = Release|Any CPU
		{A2F106E7-8103-40BE-B15C-0B29E9BCE3BD}.Release|Mixed Platforms.ActiveCfg = Release|Any CPU
		{A2F106E7-8103-40BE-B15C-0B29E9BCE3BD}.Release|Mixed Platforms.Build.0 = Release|Any CPU
		{A2F106E7-8103-40BE-B15C-0B29E9BCE3BD}.Release|x86.ActiveCfg = Release|Any CPU
		{C1002ADD-334B-43C9-9DF6-3AE09ADCBA6A}.Debug|Any CPU.ActiveCfg = Debug|x86
		{C1002ADD-334B-43C9-9DF6-3AE09ADCBA6A}.Debug|Mixed Platforms.ActiveCfg = Debug|x86
		{C1002ADD-334B-43C9-9DF6-3AE09ADCBA6A}.Debug|Mixed Platforms.Build.0 = Debug|x86
		{C1002ADD-334B-43C9-9DF6-3AE09ADCBA6A}.Debug|x86.ActiveCfg = Debug|x86
		{C1002ADD-334B-43C9-9DF6-3AE09ADCBA6A}.Debug|x86.Build.0 = Debug|x86
		{C1002ADD-334B-43C9-9DF6-3AE09ADCBA6A}.Release|Any CPU.ActiveCfg = Release|x86
		{C1002ADD-334B-43C9-9DF6-3AE09ADCBA6A}.Release|Mixed Platforms.ActiveCfg = Release|x86
		{C1002ADD-334B-43C9-9DF6-3AE09ADCBA6A}.Release|Mixed Platforms.Build.0 = Release|x86
		{C1002ADD-334B-43C9-9DF6-3AE09ADCBA6A}.Release|x86.ActiveCfg = Release|x86
		{C1002ADD-334B-43C9-9DF6-3AE09ADCBA6A}.Release|x86.Build.0 = Release|x86
		{19E511A2-AC5A-46FA-A1FD-69EC86301AA9}.Debug|Any CPU.ActiveCfg = Debug|Any CPU
		{19E511A2-AC5A-46FA-A1FD-69EC86301AA9}.Debug|Any CPU.Build.0 = Debug|Any CPU
		{19E511A2-AC5A-46FA-A1FD-69EC86301AA9}.Debug|Mixed Platforms.ActiveCfg = Debug|Any CPU
		{19E511A2-AC5A-46FA-A1FD-69EC86301AA9}.Debug|Mixed Platforms.Build.0 = Debug|Any CPU
		{19E511A2-AC5A-46FA-A1FD-69EC86301AA9}.Debug|x86.ActiveCfg = Debug|Any CPU
		{19E511A2-AC5A-46FA-A1FD-69EC86301AA9}.Release|Any CPU.ActiveCfg = Release|Any CPU
		{19E511A2-AC5A-46FA-A1FD-69EC86301AA9}.Release|Any CPU.Build.0 = Release|Any CPU
		{19E511A2-AC5A-46FA-A1FD-69EC86301AA9}.Release|Mixed Platforms.ActiveCfg = Release|Any CPU
		{19E511A2-AC5A-46FA-A1FD-69EC86301AA9}.Release|Mixed Platforms.Build.0 = Release|Any CPU
		{19E511A2-AC5A-46FA-A1FD-69EC86301AA9}.Release|x86.ActiveCfg = Release|Any CPU
		{414DB410-1B9E-4A44-A054-3D9CD2753CEA}.Debug|Any CPU.ActiveCfg = Debug|Any CPU
		{414DB410-1B9E-4A44-A054-3D9CD2753CEA}.Debug|Any CPU.Build.0 = Debug|Any CPU
		{414DB410-1B9E-4A44-A054-3D9CD2753CEA}.Debug|Mixed Platforms.ActiveCfg = Debug|Any CPU
		{414DB410-1B9E-4A44-A054-3D9CD2753CEA}.Debug|Mixed Platforms.Build.0 = Debug|Any CPU
		{414DB410-1B9E-4A44-A054-3D9CD2753CEA}.Debug|x86.ActiveCfg = Debug|Any CPU
		{414DB410-1B9E-4A44-A054-3D9CD2753CEA}.Release|Any CPU.ActiveCfg = Release|Any CPU
		{414DB410-1B9E-4A44-A054-3D9CD2753CEA}.Release|Any CPU.Build.0 = Release|Any CPU
		{414DB410-1B9E-4A44-A054-3D9CD2753CEA}.Release|Mixed Platforms.ActiveCfg = Release|Any CPU
		{414DB410-1B9E-4A44-A054-3D9CD2753CEA}.Release|Mixed Platforms.Build.0 = Release|Any CPU
		{414DB410-1B9E-4A44-A054-3D9CD2753CEA}.Release|x86.ActiveCfg = Release|Any CPU
		{0D7D3B0E-75B4-447F-9D9A-B21A40DEF7C2}.Debug|Any CPU.ActiveCfg = Debug|Any CPU
		{0D7D3B0E-75B4-447F-9D9A-B21A40DEF7C2}.Debug|Any CPU.Build.0 = Debug|Any CPU
		{0D7D3B0E-75B4-447F-9D9A-B21A40DEF7C2}.Debug|Mixed Platforms.ActiveCfg = Debug|Any CPU
		{0D7D3B0E-75B4-447F-9D9A-B21A40DEF7C2}.Debug|Mixed Platforms.Build.0 = Debug|Any CPU
		{0D7D3B0E-75B4-447F-9D9A-B21A40DEF7C2}.Debug|x86.ActiveCfg = Debug|Any CPU
		{0D7D3B0E-75B4-447F-9D9A-B21A40DEF7C2}.Release|Any CPU.ActiveCfg = Release|Any CPU
		{0D7D3B0E-75B4-447F-9D9A-B21A40DEF7C2}.Release|Any CPU.Build.0 = Release|Any CPU
		{0D7D3B0E-75B4-447F-9D9A-B21A40DEF7C2}.Release|Mixed Platforms.ActiveCfg = Release|Any CPU
		{0D7D3B0E-75B4-447F-9D9A-B21A40DEF7C2}.Release|Mixed Platforms.Build.0 = Release|Any CPU
		{0D7D3B0E-75B4-447F-9D9A-B21A40DEF7C2}.Release|x86.ActiveCfg = Release|Any CPU
		{58791B49-8339-45D3-B064-AE03BC9BBCCA}.Debug|Any CPU.ActiveCfg = Debug|Any CPU
		{58791B49-8339-45D3-B064-AE03BC9BBCCA}.Debug|Any CPU.Build.0 = Debug|Any CPU
		{58791B49-8339-45D3-B064-AE03BC9BBCCA}.Debug|Mixed Platforms.ActiveCfg = Debug|Any CPU
		{58791B49-8339-45D3-B064-AE03BC9BBCCA}.Debug|Mixed Platforms.Build.0 = Debug|Any CPU
		{58791B49-8339-45D3-B064-AE03BC9BBCCA}.Debug|x86.ActiveCfg = Debug|Any CPU
		{58791B49-8339-45D3-B064-AE03BC9BBCCA}.Release|Any CPU.ActiveCfg = Release|Any CPU
		{58791B49-8339-45D3-B064-AE03BC9BBCCA}.Release|Any CPU.Build.0 = Release|Any CPU
		{58791B49-8339-45D3-B064-AE03BC9BBCCA}.Release|Mixed Platforms.ActiveCfg = Release|Any CPU
		{58791B49-8339-45D3-B064-AE03BC9BBCCA}.Release|Mixed Platforms.Build.0 = Release|Any CPU
		{58791B49-8339-45D3-B064-AE03BC9BBCCA}.Release|x86.ActiveCfg = Release|Any CPU
	EndGlobalSection
	GlobalSection(SolutionProperties) = preSolution
		HideSolutionNode = FALSE
	EndGlobalSection
	GlobalSection(NestedProjects) = preSolution
		{EF163E9A-2F0F-427A-B577-F608E798F703} = {14C6FF4A-9D14-48BF-864F-65661BD03DDB}
		{6F99E752-CE2B-48A7-8CEE-11B1BEF2A053} = {14C6FF4A-9D14-48BF-864F-65661BD03DDB}
		{C4A71CF8-A2F9-4F3D-AF90-05DBD1F8E3FE} = {14C6FF4A-9D14-48BF-864F-65661BD03DDB}
		{D51BB73B-0E8D-488B-9E84-DC31814BE11B} = {EF163E9A-2F0F-427A-B577-F608E798F703}
	EndGlobalSection
EndGlobal
